{
  "version": 1,
  "dependencies": {
    ".NETStandard,Version=v2.1": {
      "FSharp.Core": {
        "type": "Direct",
        "requested": "[6.0.1, )",
        "resolved": "6.0.1",
        "contentHash": "VrFAiW8dEEekk+0aqlbvMNZzDvYXmgWZwAt68AUBqaWK8RnoEVUNglj66bZzhs4/U63q0EfXlhcEKnH1sTYLjw=="
      }
    }
  }
}