{
  "version": 1,
  "dependencies": {
    ".NETStandard,Version=v2.1": {
      "FSharp.Core": {
        "type": "Direct",
        "requested": "[6.0.4, )",
        "resolved": "6.0.4",
        "contentHash": "CYqAfmO7JvN38M+ACkstS8taVfl8C0mCkvSiBAshfKuu2Nut6+8MuFU7Wahu09wGIyFPlRz5ArFWxSOM5mhMSA=="
      }
    }
  }
}