{
  "version": 1,
  "dependencies": {
    ".NETStandard,Version=v2.1": {
      "FSharp.Core": {
        "type": "Direct",
        "requested": "[6.0.5, )",
        "resolved": "6.0.5",
        "contentHash": "Bpqxoh/UUTq7fHd0a1Ndv/ml1BEtwqmpruKzIMaNnNXgdBSZOEA7wQtoXyc+eKwxq4TQrbHpAbM6yaZAzqotvw=="
      }
    }
  }
}