{
  "version": 1,
  "dependencies": {
    "net6.0": {
      "Google.Protobuf": {
        "type": "Direct",
        "requested": "[3.*, )",
        "resolved": "3.21.5",
        "contentHash": "d7zwRm0edg2cxqRynMD31F8HUUyicBT0l5M74EIsU6GAaq3dxxaZ/PpSPlso010W9nIXoVVKUYZSsiOspAOO/A=="
      },
      "Grpc.Core.Api": {
        "type": "Direct",
        "requested": "[2.*, )",
        "resolved": "2.47.0",
        "contentHash": "oZXapxH/2WHAVALghNauo+r/bp6zjgQ6r0v8FizLLQg0/j/FkK2u3WZ7cLOL9Y5H4oLg+wLclO8FSvNTQpNR5Q==",
        "dependencies": {
          "System.Memory": "4.5.3"
        }
      },
      "System.Memory": {
        "type": "Transitive",
        "resolved": "4.5.3",
        "contentHash": "3oDzvc/zzetpTKWMShs1AADwZjQ/36HnsufHRPcOjyRAAMLDlu2iD33MBI2opxnezcVUtXyqDXXjoFMOU9c7SA=="
      }
    }
  }
}