{
  "version": 1,
  "dependencies": {
    "net6.0": {
      "Google.Protobuf": {
        "type": "Direct",
        "requested": "[3.19.1, )",
        "resolved": "3.19.1",
        "contentHash": "M6yun2BPdHkBjD3V14muZSt72azWHRJEx88ME2TyyH2+/ww6R3hIptjBFQQtO6pmkfLXW/NGQ4hADWSa9AmK2A=="
      },
      "Grpc.Core.Api": {
        "type": "Direct",
        "requested": "[2.42.0, )",
        "resolved": "2.42.0",
        "contentHash": "12ciAZrp8orzYFZcruvzshhMEbbD4CAFOe9an1Fa4/c5ZrCtqUjWVPa1Dpk/1Pnv5E1KTeIHPuOtPTkpMLOCoQ==",
        "dependencies": {
          "System.Memory": "4.5.3"
        }
      },
      "System.Memory": {
        "type": "Transitive",
        "resolved": "4.5.3",
        "contentHash": "3oDzvc/zzetpTKWMShs1AADwZjQ/36HnsufHRPcOjyRAAMLDlu2iD33MBI2opxnezcVUtXyqDXXjoFMOU9c7SA=="
      }
    }
  }
}