
Microsoft Visual Studio Solution File, Format Version 12.00
# Visual Studio Version 16
VisualStudioVersion = 16.0.30114.105
MinimumVisualStudioVersion = 10.0.40219.1
Project("{2150E333-8FDC-42A3-9474-1A3956D46DE8}") = "src", "src", "{CEFF70F0-2CCC-4D45-AEC1-0165066F5B9B}"
EndProject
Project("{F2A71F9B-5D33-465A-A702-920D77279786}") = "Queil.Gmox.Core", "src\Queil.Gmox.Core\Queil.Gmox.Core.fsproj", "{155364E4-5514-4E8B-A6D0-2294CCA160C3}"
EndProject
Project("{F2A71F9B-5D33-465A-A702-920D77279786}") = "Queil.Gmox.DotNet.Cli", "src\Queil.Gmox.DotNet.Cli\Queil.Gmox.DotNet.Cli.fsproj", "{F03AD99B-4858-40D5-8DD9-B33739CBEB03}"
EndProject
Project("{F2A71F9B-5D33-465A-A702-920D77279786}") = "Queil.Gmox.Infra", "src\Queil.Gmox.Infra\Queil.Gmox.Infra.fsproj", "{B8ADD268-AC2B-4290-BF85-2645DB40CCB7}"
EndProject
Project("{F2A71F9B-5D33-465A-A702-920D77279786}") = "Queil.Gmox.Template", "src\Queil.Gmox.Template\Queil.Gmox.Template.fsproj", "{4D036AC6-11A8-4BD1-9F39-6B686CF4367B}"
EndProject
Project("{2150E333-8FDC-42A3-9474-1A3956D46DE8}") = "tests", "tests", "{DF36E1EF-C5D3-43A1-89B7-057BC7AA54D6}"
EndProject
Project("{2150E333-8FDC-42A3-9474-1A3956D46DE8}") = "unit", "unit", "{D7D48E3F-B790-44AA-850F-7F0B113BD6FA}"
EndProject
Project("{F2A71F9B-5D33-465A-A702-920D77279786}") = "Queil.Gmox.Core.Tests.Unit", "tests\unit\Queil.Gmox.Core.Tests.Unit\Queil.Gmox.Core.Tests.Unit.fsproj", "{401A6C90-EB1A-4BD7-B2B9-2DC06F0EC7A8}"
EndProject
Global
	GlobalSection(SolutionProperties) = preSolution
		HideSolutionNode = FALSE
	EndGlobalSection
	GlobalSection(SolutionConfigurationPlatforms) = preSolution
		Debug|Any CPU = Debug|Any CPU
		Debug|x64 = Debug|x64
		Debug|x86 = Debug|x86
		Release|Any CPU = Release|Any CPU
		Release|x64 = Release|x64
		Release|x86 = Release|x86
	EndGlobalSection
	GlobalSection(ProjectConfigurationPlatforms) = postSolution
		{155364E4-5514-4E8B-A6D0-2294CCA160C3}.Debug|Any CPU.ActiveCfg = Debug|Any CPU
		{155364E4-5514-4E8B-A6D0-2294CCA160C3}.Debug|Any CPU.Build.0 = Debug|Any CPU
		{155364E4-5514-4E8B-A6D0-2294CCA160C3}.Debug|x64.ActiveCfg = Debug|Any CPU
		{155364E4-5514-4E8B-A6D0-2294CCA160C3}.Debug|x64.Build.0 = Debug|Any CPU
		{155364E4-5514-4E8B-A6D0-2294CCA160C3}.Debug|x86.ActiveCfg = Debug|Any CPU
		{155364E4-5514-4E8B-A6D0-2294CCA160C3}.Debug|x86.Build.0 = Debug|Any CPU
		{155364E4-5514-4E8B-A6D0-2294CCA160C3}.Release|Any CPU.ActiveCfg = Release|Any CPU
		{155364E4-5514-4E8B-A6D0-2294CCA160C3}.Release|Any CPU.Build.0 = Release|Any CPU
		{155364E4-5514-4E8B-A6D0-2294CCA160C3}.Release|x64.ActiveCfg = Release|Any CPU
		{155364E4-5514-4E8B-A6D0-2294CCA160C3}.Release|x64.Build.0 = Release|Any CPU
		{155364E4-5514-4E8B-A6D0-2294CCA160C3}.Release|x86.ActiveCfg = Release|Any CPU
		{155364E4-5514-4E8B-A6D0-2294CCA160C3}.Release|x86.Build.0 = Release|Any CPU
		{F03AD99B-4858-40D5-8DD9-B33739CBEB03}.Debug|Any CPU.ActiveCfg = Debug|Any CPU
		{F03AD99B-4858-40D5-8DD9-B33739CBEB03}.Debug|Any CPU.Build.0 = Debug|Any CPU
		{F03AD99B-4858-40D5-8DD9-B33739CBEB03}.Debug|x64.ActiveCfg = Debug|Any CPU
		{F03AD99B-4858-40D5-8DD9-B33739CBEB03}.Debug|x64.Build.0 = Debug|Any CPU
		{F03AD99B-4858-40D5-8DD9-B33739CBEB03}.Debug|x86.ActiveCfg = Debug|Any CPU
		{F03AD99B-4858-40D5-8DD9-B33739CBEB03}.Debug|x86.Build.0 = Debug|Any CPU
		{F03AD99B-4858-40D5-8DD9-B33739CBEB03}.Release|Any CPU.ActiveCfg = Release|Any CPU
		{F03AD99B-4858-40D5-8DD9-B33739CBEB03}.Release|Any CPU.Build.0 = Release|Any CPU
		{F03AD99B-4858-40D5-8DD9-B33739CBEB03}.Release|x64.ActiveCfg = Release|Any CPU
		{F03AD99B-4858-40D5-8DD9-B33739CBEB03}.Release|x64.Build.0 = Release|Any CPU
		{F03AD99B-4858-40D5-8DD9-B33739CBEB03}.Release|x86.ActiveCfg = Release|Any CPU
		{F03AD99B-4858-40D5-8DD9-B33739CBEB03}.Release|x86.Build.0 = Release|Any CPU
		{B8ADD268-AC2B-4290-BF85-2645DB40CCB7}.Debug|Any CPU.ActiveCfg = Debug|Any CPU
		{B8ADD268-AC2B-4290-BF85-2645DB40CCB7}.Debug|Any CPU.Build.0 = Debug|Any CPU
		{B8ADD268-AC2B-4290-BF85-2645DB40CCB7}.Debug|x64.ActiveCfg = Debug|Any CPU
		{B8ADD268-AC2B-4290-BF85-2645DB40CCB7}.Debug|x64.Build.0 = Debug|Any CPU
		{B8ADD268-AC2B-4290-BF85-2645DB40CCB7}.Debug|x86.ActiveCfg = Debug|Any CPU
		{B8ADD268-AC2B-4290-BF85-2645DB40CCB7}.Debug|x86.Build.0 = Debug|Any CPU
		{B8ADD268-AC2B-4290-BF85-2645DB40CCB7}.Release|Any CPU.ActiveCfg = Release|Any CPU
		{B8ADD268-AC2B-4290-BF85-2645DB40CCB7}.Release|Any CPU.Build.0 = Release|Any CPU
		{B8ADD268-AC2B-4290-BF85-2645DB40CCB7}.Release|x64.ActiveCfg = Release|Any CPU
		{B8ADD268-AC2B-4290-BF85-2645DB40CCB7}.Release|x64.Build.0 = Release|Any CPU
		{B8ADD268-AC2B-4290-BF85-2645DB40CCB7}.Release|x86.ActiveCfg = Release|Any CPU
		{B8ADD268-AC2B-4290-BF85-2645DB40CCB7}.Release|x86.Build.0 = Release|Any CPU
		{4D036AC6-11A8-4BD1-9F39-6B686CF4367B}.Debug|Any CPU.ActiveCfg = Debug|Any CPU
		{4D036AC6-11A8-4BD1-9F39-6B686CF4367B}.Debug|Any CPU.Build.0 = Debug|Any CPU
		{4D036AC6-11A8-4BD1-9F39-6B686CF4367B}.Debug|x64.ActiveCfg = Debug|Any CPU
		{4D036AC6-11A8-4BD1-9F39-6B686CF4367B}.Debug|x64.Build.0 = Debug|Any CPU
		{4D036AC6-11A8-4BD1-9F39-6B686CF4367B}.Debug|x86.ActiveCfg = Debug|Any CPU
		{4D036AC6-11A8-4BD1-9F39-6B686CF4367B}.Debug|x86.Build.0 = Debug|Any CPU
		{4D036AC6-11A8-4BD1-9F39-6B686CF4367B}.Release|Any CPU.ActiveCfg = Release|Any CPU
		{4D036AC6-11A8-4BD1-9F39-6B686CF4367B}.Release|Any CPU.Build.0 = Release|Any CPU
		{4D036AC6-11A8-4BD1-9F39-6B686CF4367B}.Release|x64.ActiveCfg = Release|Any CPU
		{4D036AC6-11A8-4BD1-9F39-6B686CF4367B}.Release|x64.Build.0 = Release|Any CPU
		{4D036AC6-11A8-4BD1-9F39-6B686CF4367B}.Release|x86.ActiveCfg = Release|Any CPU
		{4D036AC6-11A8-4BD1-9F39-6B686CF4367B}.Release|x86.Build.0 = Release|Any CPU
		{401A6C90-EB1A-4BD7-B2B9-2DC06F0EC7A8}.Debug|Any CPU.ActiveCfg = Debug|Any CPU
		{401A6C90-EB1A-4BD7-B2B9-2DC06F0EC7A8}.Debug|Any CPU.Build.0 = Debug|Any CPU
		{401A6C90-EB1A-4BD7-B2B9-2DC06F0EC7A8}.Debug|x64.ActiveCfg = Debug|Any CPU
		{401A6C90-EB1A-4BD7-B2B9-2DC06F0EC7A8}.Debug|x64.Build.0 = Debug|Any CPU
		{401A6C90-EB1A-4BD7-B2B9-2DC06F0EC7A8}.Debug|x86.ActiveCfg = Debug|Any CPU
		{401A6C90-EB1A-4BD7-B2B9-2DC06F0EC7A8}.Debug|x86.Build.0 = Debug|Any CPU
		{401A6C90-EB1A-4BD7-B2B9-2DC06F0EC7A8}.Release|Any CPU.ActiveCfg = Release|Any CPU
		{401A6C90-EB1A-4BD7-B2B9-2DC06F0EC7A8}.Release|Any CPU.Build.0 = Release|Any CPU
		{401A6C90-EB1A-4BD7-B2B9-2DC06F0EC7A8}.Release|x64.ActiveCfg = Release|Any CPU
		{401A6C90-EB1A-4BD7-B2B9-2DC06F0EC7A8}.Release|x64.Build.0 = Release|Any CPU
		{401A6C90-EB1A-4BD7-B2B9-2DC06F0EC7A8}.Release|x86.ActiveCfg = Release|Any CPU
		{401A6C90-EB1A-4BD7-B2B9-2DC06F0EC7A8}.Release|x86.Build.0 = Release|Any CPU
	EndGlobalSection
	GlobalSection(NestedProjects) = preSolution
		{155364E4-5514-4E8B-A6D0-2294CCA160C3} = {CEFF70F0-2CCC-4D45-AEC1-0165066F5B9B}
		{F03AD99B-4858-40D5-8DD9-B33739CBEB03} = {CEFF70F0-2CCC-4D45-AEC1-0165066F5B9B}
		{B8ADD268-AC2B-4290-BF85-2645DB40CCB7} = {CEFF70F0-2CCC-4D45-AEC1-0165066F5B9B}
		{4D036AC6-11A8-4BD1-9F39-6B686CF4367B} = {CEFF70F0-2CCC-4D45-AEC1-0165066F5B9B}
		{D7D48E3F-B790-44AA-850F-7F0B113BD6FA} = {DF36E1EF-C5D3-43A1-89B7-057BC7AA54D6}
		{401A6C90-EB1A-4BD7-B2B9-2DC06F0EC7A8} = {D7D48E3F-B790-44AA-850F-7F0B113BD6FA}
	EndGlobalSection
EndGlobal
